
Microsoft Visual Studio Solution File, Format Version 12.00
Project("{FAE04EC0-301F-11D3-BF4B-00C04F79EFBC}") = "Factory", "Factory\Factory.csproj", "{FD676ED7-B9DB-4152-9CFC-2C7AB794D94A}"
EndProject
Global
	GlobalSection(SolutionConfigurationPlatforms) = preSolution
		Debug|Any CPU = Debug|Any CPU
		Release|Any CPU = Release|Any CPU
	EndGlobalSection
	GlobalSection(ProjectConfigurationPlatforms) = postSolution
		{FD676ED7-B9DB-4152-9CFC-2C7AB794D94A}.Debug|Any CPU.ActiveCfg = Debug|Any CPU
		{FD676ED7-B9DB-4152-9CFC-2C7AB794D94A}.Debug|Any CPU.Build.0 = Debug|Any CPU
		{FD676ED7-B9DB-4152-9CFC-2C7AB794D94A}.Release|Any CPU.ActiveCfg = Release|Any CPU
		{FD676ED7-B9DB-4152-9CFC-2C7AB794D94A}.Release|Any CPU.Build.0 = Release|Any CPU
	EndGlobalSection
EndGlobal
